
Microsoft Visual Studio Solution File, Format Version 12.00
# Visual Studio Version 16
VisualStudioVersion = 16.0.31129.286
MinimumVisualStudioVersion = 10.0.40219.1
Project("{9A19103F-16F7-4668-BE54-9A1E7A4F7556}") = "Net5.Fundamentals.TypesAndOperators", "Net5.Fundamentals.TypesAndOperators\Net5.Fundamentals.TypesAndOperators.csproj", "{6099C29F-DF7B-45DE-A9DA-63E23ACE5E56}"
EndProject
Project("{FAE04EC0-301F-11D3-BF4B-00C04F79EFBC}") = "Net5.Fundamentals.HighLevel", "Net5.Fundamentals.HighLevel\Net5.Fundamentals.HighLevel.csproj", "{514DC540-CC71-4C17-8E21-C1D82FB970D4}"
EndProject
Global
	GlobalSection(SolutionConfigurationPlatforms) = preSolution
		Debug|Any CPU = Debug|Any CPU
		Release|Any CPU = Release|Any CPU
	EndGlobalSection
	GlobalSection(ProjectConfigurationPlatforms) = postSolution
		{6099C29F-DF7B-45DE-A9DA-63E23ACE5E56}.Debug|Any CPU.ActiveCfg = Debug|Any CPU
		{6099C29F-DF7B-45DE-A9DA-63E23ACE5E56}.Debug|Any CPU.Build.0 = Debug|Any CPU
		{6099C29F-DF7B-45DE-A9DA-63E23ACE5E56}.Release|Any CPU.ActiveCfg = Release|Any CPU
		{6099C29F-DF7B-45DE-A9DA-63E23ACE5E56}.Release|Any CPU.Build.0 = Release|Any CPU
		{514DC540-CC71-4C17-8E21-C1D82FB970D4}.Debug|Any CPU.ActiveCfg = Debug|Any CPU
		{514DC540-CC71-4C17-8E21-C1D82FB970D4}.Debug|Any CPU.Build.0 = Debug|Any CPU
		{514DC540-CC71-4C17-8E21-C1D82FB970D4}.Release|Any CPU.ActiveCfg = Release|Any CPU
		{514DC540-CC71-4C17-8E21-C1D82FB970D4}.Release|Any CPU.Build.0 = Release|Any CPU
	EndGlobalSection
	GlobalSection(SolutionProperties) = preSolution
		HideSolutionNode = FALSE
	EndGlobalSection
	GlobalSection(ExtensibilityGlobals) = postSolution
		SolutionGuid = {5A83A0FC-B44E-47FF-AE1C-D6001E346F8D}
	EndGlobalSection
EndGlobal
